github.com/davecgh/go-spew v1.1.1 h1:vj9j/u1bqnvCEfJOwUhtlOARqs3+rkHYY13jYWTU97c=
github.com/davecgh/go-spew v1.1.1/go.mod h1:J7Y8YcW2NihsgmVo/mv3lAwl/skON4iLHjSsI+c5H38=
github.com/jboursiquot/go-proverbs v0.0.2 h1:LlJpbPfW6+HThOwZR+VsJwpRQL6xHOLsWjXJSZV2N40=
github.com/jboursiquot/go-proverbs v0.0.2/go.mod h1:Fkb7X/GdAApOZjs+v4eREbG/UnzgHiLOLq7RbkKUf3U=
golang.org/x/exp v0.0.0-20220921164117-439092de6870 h1:j8b6j9gzSigH28O5SjSpQSSh9lFd6f5D/q0aHjNTulc=
golang.org/x/exp v0.0.0-20220921164117-439092de6870/go.mod h1:cyybsKvd6eL0RnXn6p/Grxp8F5bW7iYuBgsNCOHpMYE=
