github.com/davecgh/go-spew v1.1.1 h1:vj9j/u1bqnvCEfJOwUhtlOARqs3+rkHYY13jYWTU97c=
github.com/davecgh/go-spew v1.1.1/go.mod h1:J7Y8YcW2NihsgmVo/mv3lAwl/skON4iLHjSsI+c5H38=
github.com/jboursiquot/go-proverbs v0.0.2 h1:LlJpbPfW6+HThOwZR+VsJwpRQL6xHOLsWjXJSZV2N40=
github.com/jboursiquot/go-proverbs v0.0.2/go.mod h1:Fkb7X/GdAApOZjs+v4eREbG/UnzgHiLOLq7RbkKUf3U=
golang.org/x/exp v0.0.0-20221111094246-ab4555d3164f h1:dx+ByaHZgQORWfy/TumeLerCm48o5pDf+skF0SWtLdY=
golang.org/x/exp v0.0.0-20221111094246-ab4555d3164f/go.mod h1:CxIveKay+FTh1D0yPZemJVgC/95VzuuOLq5Qi4xnoYc=
